{"1.2.0",
[{<<"bear">>,{pkg,<<"bear">>,<<"0.8.7">>},2},
 {<<"cache">>,{pkg,<<"cache">>,<<"2.3.3">>},0},
 {<<"certifi">>,{pkg,<<"certifi">>,<<"2.5.3">>},1},
 {<<"cg_mon">>,
  {git,"https://github.com/rbkmoney/cg_mon.git",
       {ref,"5a87a37694e42b6592d3b4164ae54e0e87e24e18"}},
  1},
 {<<"cowboy">>,{pkg,<<"cowboy">>,<<"2.7.0">>},0},
 {<<"cowlib">>,{pkg,<<"cowlib">>,<<"2.8.0">>},1},
 {<<"folsom">>,
  {git,"https://github.com/folsom-project/folsom.git",
       {ref,"9309bad9ffadeebbefe97521577c7480c7cfcd8a"}},
  1},
 {<<"genlib">>,
  {git,"https://github.com/rbkmoney/genlib.git",
       {ref,"4565a8d73f34a0b78cca32c9cd2b97d298bdadf8"}},
  0},
 {<<"gproc">>,{pkg,<<"gproc">>,<<"0.8.0">>},0},
 {<<"hackney">>,{pkg,<<"hackney">>,<<"1.17.0">>},0},
 {<<"how_are_you">>,
  {git,"https://github.com/rbkmoney/how_are_you.git",
       {ref,"8f11d17eeb6eb74096da7363a9df272fd3099718"}},
  0},
 {<<"idna">>,{pkg,<<"idna">>,<<"6.1.1">>},1},
 {<<"metrics">>,{pkg,<<"metrics">>,<<"1.0.1">>},1},
 {<<"mimerl">>,{pkg,<<"mimerl">>,<<"1.2.0">>},1},
 {<<"parse_trans">>,{pkg,<<"parse_trans">>,<<"3.3.1">>},1},
 {<<"ranch">>,{pkg,<<"ranch">>,<<"1.7.1">>},1},
 {<<"snowflake">>,
  {git,"https://github.com/rbkmoney/snowflake.git",
       {ref,"de159486ef40cec67074afe71882bdc7f7deab72"}},
  0},
 {<<"ssl_verify_fun">>,{pkg,<<"ssl_verify_fun">>,<<"1.1.6">>},1},
 {<<"thrift">>,
  {git,"https://github.com/rbkmoney/thrift_erlang.git",
       {ref,"846a0819d9b6d09d0c31f160e33a78dbad2067b4"}},
  0},
 {<<"unicode_util_compat">>,{pkg,<<"unicode_util_compat">>,<<"0.7.0">>},1}]}.
[
{pkg_hash,[
 {<<"bear">>, <<"16264309AE5D005D03718A5C82641FCC259C9E8F09ADEB6FD79CA4271168656F">>},
 {<<"cache">>, <<"B23A5FE7095445A88412A6E614C933377E0137B44FFED77C9B3FEF1A731A20B2">>},
 {<<"certifi">>, <<"70BDD7E7188C804F3A30EE0E7C99655BC35D8AC41C23E12325F36AB449B70651">>},
 {<<"cowboy">>, <<"91ED100138A764355F43316B1D23D7FF6BDB0DE4EA618CB5D8677C93A7A2F115">>},
 {<<"cowlib">>, <<"FD0FF1787DB84AC415B8211573E9A30A3EBE71B5CBFF7F720089972B2319C8A4">>},
 {<<"gproc">>, <<"CEA02C578589C61E5341FCE149EA36CCEF236CC2ECAC8691FBA408E7EA77EC2F">>},
 {<<"hackney">>, <<"717EA195FD2F898D9FE9F1CE0AFCC2621A41ECFE137FAE57E7FE6E9484B9AA99">>},
 {<<"idna">>, <<"8A63070E9F7D0C62EB9D9FCB360A7DE382448200FBBD1B106CC96D3D8099DF8D">>},
 {<<"metrics">>, <<"25F094DEA2CDA98213CECC3AEFF09E940299D950904393B2A29D191C346A8486">>},
 {<<"mimerl">>, <<"67E2D3F571088D5CFD3E550C383094B47159F3EEE8FFA08E64106CDF5E981BE3">>},
 {<<"parse_trans">>, <<"16328AB840CC09919BD10DAB29E431DA3AF9E9E7E7E6F0089DD5A2D2820011D8">>},
 {<<"ranch">>, <<"6B1FAB51B49196860B733A49C07604465A47BDB78AA10C1C16A3D199F7F8C881">>},
 {<<"ssl_verify_fun">>, <<"CF344F5692C82D2CD7554F5EC8FD961548D4FD09E7D22F5B62482E5AEAEBD4B0">>},
 {<<"unicode_util_compat">>, <<"BC84380C9AB48177092F43AC89E4DFA2C6D62B40B8BD132B1059ECC7232F9A78">>}]},
{pkg_hash_ext,[
 {<<"bear">>, <<"534217DCE6A719D59E54FB0EB7A367900DBFC5F85757E8C1F94269DF383F6D9B">>},
 {<<"cache">>, <<"44516CE6FA03594D3A2AF025DD3A87BFE711000EB730219E1DDEFC816E0AA2F4">>},
 {<<"certifi">>, <<"ED516ACB3929B101208A9D700062D520F3953DA3B6B918D866106FFA980E1C10">>},
 {<<"cowboy">>, <<"04FD8C6A39EDC6AAA9C26123009200FC61F92A3A94F3178C527B70B767C6E605">>},
 {<<"cowlib">>, <<"79F954A7021B302186A950A32869DBC185523D99D3E44CE430CD1F3289F41ED4">>},
 {<<"gproc">>, <<"580ADAFA56463B75263EF5A5DF4C86AF321F68694E7786CB057FD805D1E2A7DE">>},
 {<<"hackney">>, <<"64C22225F1EA8855F584720C0E5B3CD14095703AF1C9FBC845BA042811DC671C">>},
 {<<"idna">>, <<"92376EB7894412ED19AC475E4A86F7B413C1B9FBB5BD16DCCD57934157944CEA">>},
 {<<"metrics">>, <<"69B09ADDDC4F74A40716AE54D140F93BEB0FB8978D8636EADED0C31B6F099F16">>},
 {<<"mimerl">>, <<"F278585650AA581986264638EBF698F8BB19DF297F66AD91B18910DFC6E19323">>},
 {<<"parse_trans">>, <<"07CD9577885F56362D414E8C4C4E6BDF10D43A8767ABB92D24CBE8B24C54888B">>},
 {<<"ranch">>, <<"451D8527787DF716D99DC36162FCA05934915DB0B6141BBDAC2EA8D3C7AFC7D7">>},
 {<<"ssl_verify_fun">>, <<"BDB0D2471F453C88FF3908E7686F86F9BE327D065CC1EC16FA4540197EA04680">>},
 {<<"unicode_util_compat">>, <<"25EEE6D67DF61960CF6A794239566599B09E17E668D3700247BC498638152521">>}]}
].
